
Microsoft Visual Studio Solution File, Format Version 12.00
# Visual Studio 15
VisualStudioVersion = 15.0.27703.2042
MinimumVisualStudioVersion = 10.0.40219.1
Project("{FAE04EC0-301F-11D3-BF4B-00C04F79EFBC}") = "LokFramework", "LokFramework\LokFramework.csproj", "{41BAE4F7-20D4-47CC-9251-619ACD7D9F0F}"
EndProject
Project("{FAE04EC0-301F-11D3-BF4B-00C04F79EFBC}") = "LokFramework.Web", "LokFramework.Web\LokFramework.Web.csproj", "{5500A6E8-432F-4621-A399-2388D02EF2F2}"
EndProject
Project("{FAE04EC0-301F-11D3-BF4B-00C04F79EFBC}") = "LokFramework.ToolSet", "LokFramework.ToolSet\LokFramework.ToolSet.csproj", "{B656F2D1-14F2-4272-A991-B63667F7DEB9}"
EndProject
Global
	GlobalSection(SolutionConfigurationPlatforms) = preSolution
		Debug|Any CPU = Debug|Any CPU
		Release|Any CPU = Release|Any CPU
	EndGlobalSection
	GlobalSection(ProjectConfigurationPlatforms) = postSolution
		{41BAE4F7-20D4-47CC-9251-619ACD7D9F0F}.Debug|Any CPU.ActiveCfg = Debug|Any CPU
		{41BAE4F7-20D4-47CC-9251-619ACD7D9F0F}.Debug|Any CPU.Build.0 = Debug|Any CPU
		{41BAE4F7-20D4-47CC-9251-619ACD7D9F0F}.Release|Any CPU.ActiveCfg = Release|Any CPU
		{41BAE4F7-20D4-47CC-9251-619ACD7D9F0F}.Release|Any CPU.Build.0 = Release|Any CPU
		{5500A6E8-432F-4621-A399-2388D02EF2F2}.Debug|Any CPU.ActiveCfg = Debug|Any CPU
		{5500A6E8-432F-4621-A399-2388D02EF2F2}.Debug|Any CPU.Build.0 = Debug|Any CPU
		{5500A6E8-432F-4621-A399-2388D02EF2F2}.Release|Any CPU.ActiveCfg = Release|Any CPU
		{5500A6E8-432F-4621-A399-2388D02EF2F2}.Release|Any CPU.Build.0 = Release|Any CPU
		{B656F2D1-14F2-4272-A991-B63667F7DEB9}.Debug|Any CPU.ActiveCfg = Debug|Any CPU
		{B656F2D1-14F2-4272-A991-B63667F7DEB9}.Debug|Any CPU.Build.0 = Debug|Any CPU
		{B656F2D1-14F2-4272-A991-B63667F7DEB9}.Release|Any CPU.ActiveCfg = Release|Any CPU
		{B656F2D1-14F2-4272-A991-B63667F7DEB9}.Release|Any CPU.Build.0 = Release|Any CPU
	EndGlobalSection
	GlobalSection(SolutionProperties) = preSolution
		HideSolutionNode = FALSE
	EndGlobalSection
	GlobalSection(ExtensibilityGlobals) = postSolution
		SolutionGuid = {FDF188D1-802D-4C97-A962-881867EE5B9A}
	EndGlobalSection
EndGlobal
